// !$*UTF8*$!
{
	archiveVersion = 1;
	classes = {
	};
	objectVersion = 50;
	objects = {

/* Begin PBXBuildFile section */
		35462EEC214F1EAF005A1DD8 /* SortOptionsViewController.swift in Sources */ = {isa = PBXBuildFile; fileRef = 35462EEB214F1EAF005A1DD8 /* SortOptionsViewController.swift */; };
		F9495547211274B200517B76 /* AppDelegate.swift in Sources */ = {isa = PBXBuildFile; fileRef = F9495546211274B200517B76 /* AppDelegate.swift */; };
		F9495549211274B200517B76 /* ViewController.swift in Sources */ = {isa = PBXBuildFile; fileRef = F9495548211274B200517B76 /* ViewController.swift */; };
		F949554C211274B200517B76 /* Main.storyboard in Resources */ = {isa = PBXBuildFile; fileRef = F949554A211274B200517B76 /* Main.storyboard */; };
		F949554E211274B300517B76 /* Assets.xcassets in Resources */ = {isa = PBXBuildFile; fileRef = F949554D211274B300517B76 /* Assets.xcassets */; };
		F9495551211274B300517B76 /* LaunchScreen.storyboard in Resources */ = {isa = PBXBuildFile; fileRef = F949554F211274B300517B76 /* LaunchScreen.storyboard */; };
		F949555C211274B300517B76 /* AutoTrader2Tests.swift in Sources */ = {isa = PBXBuildFile; fileRef = F949555B211274B300517B76 /* AutoTrader2Tests.swift */; };
		F9A443912115FA4200EFB406 /* VehiclesGenerator.swift in Sources */ = {isa = PBXBuildFile; fileRef = F9A443902115FA4200EFB406 /* VehiclesGenerator.swift */; };
		F9DA5BAC211287D3000D3DAE /* VehicleDetailViewController.swift in Sources */ = {isa = PBXBuildFile; fileRef = F9DA5BAB211287D3000D3DAE /* VehicleDetailViewController.swift */; };
/* End PBXBuildFile section */

/* Begin PBXContainerItemProxy section */
		F9495558211274B300517B76 /* PBXContainerItemProxy */ = {
			isa = PBXContainerItemProxy;
			containerPortal = F949553B211274B200517B76 /* Project object */;
			proxyType = 1;
			remoteGlobalIDString = F9495542211274B200517B76;
			remoteInfo = AutoTrader2;
		};
/* End PBXContainerItemProxy section */

/* Begin PBXFileReference section */
		35462EEB214F1EAF005A1DD8 /* SortOptionsViewController.swift */ = {isa = PBXFileReference; lastKnownFileType = sourcecode.swift; path = SortOptionsViewController.swift; sourceTree = "<group>"; };
		F9495543211274B200517B76 /* AutoTrader2.app */ = {isa = PBXFileReference; explicitFileType = wrapper.application; includeInIndex = 0; path = AutoTrader2.app; sourceTree = BUILT_PRODUCTS_DIR; };
		F9495546211274B200517B76 /* AppDelegate.swift */ = {isa = PBXFileReference; lastKnownFileType = sourcecode.swift; path = AppDelegate.swift; sourceTree = "<group>"; };
		F9495548211274B200517B76 /* ViewController.swift */ = {isa = PBXFileReference; lastKnownFileType = sourcecode.swift; path = ViewController.swift; sourceTree = "<group>"; };
		F949554B211274B200517B76 /* Base */ = {isa = PBXFileReference; lastKnownFileType = file.storyboard; name = Base; path = Base.lproj/Main.storyboard; sourceTree = "<group>"; };
		F949554D211274B300517B76 /* Assets.xcassets */ = {isa = PBXFileReference; lastKnownFileType = folder.assetcatalog; path = Assets.xcassets; sourceTree = "<group>"; };
		F9495550211274B300517B76 /* Base */ = {isa = PBXFileReference; lastKnownFileType = file.storyboard; name = Base; path = Base.lproj/LaunchScreen.storyboard; sourceTree = "<group>"; };
		F9495552211274B300517B76 /* Info.plist */ = {isa = PBXFileReference; lastKnownFileType = text.plist.xml; path = Info.plist; sourceTree = "<group>"; };
		F9495557211274B300517B76 /* AutoTrader2Tests.xctest */ = {isa = PBXFileReference; explicitFileType = wrapper.cfbundle; includeInIndex = 0; path = AutoTrader2Tests.xctest; sourceTree = BUILT_PRODUCTS_DIR; };
		F949555B211274B300517B76 /* AutoTrader2Tests.swift */ = {isa = PBXFileReference; lastKnownFileType = sourcecode.swift; path = AutoTrader2Tests.swift; sourceTree = "<group>"; };
		F949555D211274B300517B76 /* Info.plist */ = {isa = PBXFileReference; lastKnownFileType = text.plist.xml; path = Info.plist; sourceTree = "<group>"; };
		F9A443902115FA4200EFB406 /* VehiclesGenerator.swift */ = {isa = PBXFileReference; lastKnownFileType = sourcecode.swift; path = VehiclesGenerator.swift; sourceTree = "<group>"; };
		F9DA5BAB211287D3000D3DAE /* VehicleDetailViewController.swift */ = {isa = PBXFileReference; lastKnownFileType = sourcecode.swift; path = VehicleDetailViewController.swift; sourceTree = "<group>"; };
/* End PBXFileReference section */

/* Begin PBXFrameworksBuildPhase section */
		F9495540211274B200517B76 /* Frameworks */ = {
			isa = PBXFrameworksBuildPhase;
			buildActionMask = 2147483647;
			files = (
			);
			runOnlyForDeploymentPostprocessing = 0;
		};
		F9495554211274B300517B76 /* Frameworks */ = {
			isa = PBXFrameworksBuildPhase;
			buildActionMask = 2147483647;
			files = (
			);
			runOnlyForDeploymentPostprocessing = 0;
		};
/* End PBXFrameworksBuildPhase section */

/* Begin PBXGroup section */
		F949553A211274B200517B76 = {
			isa = PBXGroup;
			children = (
				F9495545211274B200517B76 /* AutoTrader2 */,
				F949555A211274B300517B76 /* AutoTrader2Tests */,
				F9495544211274B200517B76 /* Products */,
			);
			sourceTree = "<group>";
		};
		F9495544211274B200517B76 /* Products */ = {
			isa = PBXGroup;
			children = (
				F9495543211274B200517B76 /* AutoTrader2.app */,
				F9495557211274B300517B76 /* AutoTrader2Tests.xctest */,
			);
			name = Products;
			sourceTree = "<group>";
		};
		F9495545211274B200517B76 /* AutoTrader2 */ = {
			isa = PBXGroup;
			children = (
				F9495546211274B200517B76 /* AppDelegate.swift */,
				F9A443902115FA4200EFB406 /* VehiclesGenerator.swift */,
				F9495548211274B200517B76 /* ViewController.swift */,
				F9DA5BAB211287D3000D3DAE /* VehicleDetailViewController.swift */,
				F949554A211274B200517B76 /* Main.storyboard */,
				F949554D211274B300517B76 /* Assets.xcassets */,
				F949554F211274B300517B76 /* LaunchScreen.storyboard */,
				F9495552211274B300517B76 /* Info.plist */,
				35462EEB214F1EAF005A1DD8 /* SortOptionsViewController.swift */,
			);
			path = AutoTrader2;
			sourceTree = "<group>";
		};
		F949555A211274B300517B76 /* AutoTrader2Tests */ = {
			isa = PBXGroup;
			children = (
				F949555B211274B300517B76 /* AutoTrader2Tests.swift */,
				F949555D211274B300517B76 /* Info.plist */,
			);
			path = AutoTrader2Tests;
			sourceTree = "<group>";
		};
/* End PBXGroup section */

/* Begin PBXNativeTarget section */
		F9495542211274B200517B76 /* AutoTrader2 */ = {
			isa = PBXNativeTarget;
			buildConfigurationList = F9495560211274B300517B76 /* Build configuration list for PBXNativeTarget "AutoTrader2" */;
			buildPhases = (
				F949553F211274B200517B76 /* Sources */,
				F9495540211274B200517B76 /* Frameworks */,
				F9495541211274B200517B76 /* Resources */,
			);
			buildRules = (
			);
			dependencies = (
			);
			name = AutoTrader2;
			productName = AutoTrader2;
			productReference = F9495543211274B200517B76 /* AutoTrader2.app */;
			productType = "com.apple.product-type.application";
		};
		F9495556211274B300517B76 /* AutoTrader2Tests */ = {
			isa = PBXNativeTarget;
			buildConfigurationList = F9495563211274B300517B76 /* Build configuration list for PBXNativeTarget "AutoTrader2Tests" */;
			buildPhases = (
				F9495553211274B300517B76 /* Sources */,
				F9495554211274B300517B76 /* Frameworks */,
				F9495555211274B300517B76 /* Resources */,
			);
			buildRules = (
			);
			dependencies = (
				F9495559211274B300517B76 /* PBXTargetDependency */,
			);
			name = AutoTrader2Tests;
			productName = AutoTrader2Tests;
			productReference = F9495557211274B300517B76 /* AutoTrader2Tests.xctest */;
			productType = "com.apple.product-type.bundle.unit-test";
		};
/* End PBXNativeTarget section */

/* Begin PBXProject section */
		F949553B211274B200517B76 /* Project object */ = {
			isa = PBXProject;
			attributes = {
				LastSwiftUpdateCheck = 0940;
				LastUpgradeCheck = 0940;
				ORGANIZATIONNAME = Monsanto;
				TargetAttributes = {
					F9495542211274B200517B76 = {
						CreatedOnToolsVersion = 9.4;
					};
					F9495556211274B300517B76 = {
						CreatedOnToolsVersion = 9.4;
						TestTargetID = F9495542211274B200517B76;
					};
				};
			};
			buildConfigurationList = F949553E211274B200517B76 /* Build configuration list for PBXProject "AutoTrader2" */;
			compatibilityVersion = "Xcode 9.3";
			developmentRegion = en;
			hasScannedForEncodings = 0;
			knownRegions = (
				en,
				Base,
			);
			mainGroup = F949553A211274B200517B76;
			productRefGroup = F9495544211274B200517B76 /* Products */;
			projectDirPath = "";
			projectRoot = "";
			targets = (
				F9495542211274B200517B76 /* AutoTrader2 */,
				F9495556211274B300517B76 /* AutoTrader2Tests */,
			);
		};
/* End PBXProject section */

/* Begin PBXResourcesBuildPhase section */
		F9495541211274B200517B76 /* Resources */ = {
			isa = PBXResourcesBuildPhase;
			buildActionMask = 2147483647;
			files = (
				F9495551211274B300517B76 /* LaunchScreen.storyboard in Resources */,
				F949554E211274B300517B76 /* Assets.xcassets in Resources */,
				F949554C211274B200517B76 /* Main.storyboard in Resources */,
			);
			runOnlyForDeploymentPostprocessing = 0;
		};
		F9495555211274B300517B76 /* Resources */ = {
			isa = PBXResourcesBuildPhase;
			buildActionMask = 2147483647;
			files = (
			);
			runOnlyForDeploymentPostprocessing = 0;
		};
/* End PBXResourcesBuildPhase section */

/* Begin PBXSourcesBuildPhase section */
		F949553F211274B200517B76 /* Sources */ = {
			isa = PBXSourcesBuildPhase;
			buildActionMask = 2147483647;
			files = (
				F9A443912115FA4200EFB406 /* VehiclesGenerator.swift in Sources */,
				F9DA5BAC211287D3000D3DAE /* VehicleDetailViewController.swift in Sources */,
				35462EEC214F1EAF005A1DD8 /* SortOptionsViewController.swift in Sources */,
				F9495549211274B200517B76 /* ViewController.swift in Sources */,
				F9495547211274B200517B76 /* AppDelegate.swift in Sources */,
			);
			runOnlyForDeploymentPostprocessing = 0;
		};
		F9495553211274B300517B76 /* Sources */ = {
			isa = PBXSourcesBuildPhase;
			buildActionMask = 2147483647;
			files = (
				F949555C211274B300517B76 /* AutoTrader2Tests.swift in Sources */,
			);
			runOnlyForDeploymentPostprocessing = 0;
		};
/* End PBXSourcesBuildPhase section */

/* Begin PBXTargetDependency section */
		F9495559211274B300517B76 /* PBXTargetDependency */ = {
			isa = PBXTargetDependency;
			target = F9495542211274B200517B76 /* AutoTrader2 */;
			targetProxy = F9495558211274B300517B76 /* PBXContainerItemProxy */;
		};
/* End PBXTargetDependency section */

/* Begin PBXVariantGroup section */
		F949554A211274B200517B76 /* Main.storyboard */ = {
			isa = PBXVariantGroup;
			children = (
				F949554B211274B200517B76 /* Base */,
			);
			name = Main.storyboard;
			sourceTree = "<group>";
		};
		F949554F211274B300517B76 /* LaunchScreen.storyboard */ = {
			isa = PBXVariantGroup;
			children = (
				F9495550211274B300517B76 /* Base */,
			);
			name = LaunchScreen.storyboard;
			sourceTree = "<group>";
		};
/* End PBXVariantGroup section */

/* Begin XCBuildConfiguration section */
		F949555E211274B300517B76 /* Debug */ = {
			isa = XCBuildConfiguration;
			buildSettings = {
				ALWAYS_SEARCH_USER_PATHS = NO;
				CLANG_ANALYZER_NONNULL = YES;
				CLANG_ANALYZER_NUMBER_OBJECT_CONVERSION = YES_AGGRESSIVE;
				CLANG_CXX_LANGUAGE_STANDARD = "gnu++14";
				CLANG_CXX_LIBRARY = "libc++";
				CLANG_ENABLE_MODULES = YES;
				CLANG_ENABLE_OBJC_ARC = YES;
				CLANG_ENABLE_OBJC_WEAK = YES;
				CLANG_WARN_BLOCK_CAPTURE_AUTORELEASING = YES;
				CLANG_WARN_BOOL_CONVERSION = YES;
				CLANG_WARN_COMMA = YES;
				CLANG_WARN_CONSTANT_CONVERSION = YES;
				CLANG_WARN_DEPRECATED_OBJC_IMPLEMENTATIONS = YES;
				CLANG_WARN_DIRECT_OBJC_ISA_USAGE = YES_ERROR;
				CLANG_WARN_DOCUMENTATION_COMMENTS = YES;
				CLANG_WARN_EMPTY_BODY = YES;
				CLANG_WARN_ENUM_CONVERSION = YES;
				CLANG_WARN_INFINITE_RECURSION = YES;
				CLANG_WARN_INT_CONVERSION = YES;
				CLANG_WARN_NON_LITERAL_NULL_CONVERSION = YES;
				CLANG_WARN_OBJC_IMPLICIT_RETAIN_SELF = YES;
				CLANG_WARN_OBJC_LITERAL_CONVERSION = YES;
				CLANG_WARN_OBJC_ROOT_CLASS = YES_ERROR;
				CLANG_WARN_RANGE_LOOP_ANALYSIS = YES;
				CLANG_WARN_STRICT_PROTOTYPES = YES;
				CLANG_WARN_SUSPICIOUS_MOVE = YES;
				CLANG_WARN_UNGUARDED_AVAILABILITY = YES_AGGRESSIVE;
				CLANG_WARN_UNREACHABLE_CODE = YES;
				CLANG_WARN__DUPLICATE_METHOD_MATCH = YES;
				CODE_SIGN_IDENTITY = "iPhone Developer";
				COPY_PHASE_STRIP = NO;
				DEBUG_INFORMATION_FORMAT = dwarf;
				ENABLE_STRICT_OBJC_MSGSEND = YES;
				ENABLE_TESTABILITY = YES;
				GCC_C_LANGUAGE_STANDARD = gnu11;
				GCC_DYNAMIC_NO_PIC = NO;
				GCC_NO_COMMON_BLOCKS = YES;
				GCC_OPTIMIZATION_LEVEL = 0;
				GCC_PREPROCESSOR_DEFINITIONS = (
					"DEBUG=1",
					"$(inherited)",
				);
				GCC_WARN_64_TO_32_BIT_CONVERSION = YES;
				GCC_WARN_ABOUT_RETURN_TYPE = YES_ERROR;
				GCC_WARN_UNDECLARED_SELECTOR = YES;
				GCC_WARN_UNINITIALIZED_AUTOS = YES_AGGRESSIVE;
				GCC_WARN_UNUSED_FUNCTION = YES;
				GCC_WARN_UNUSED_VARIABLE = YES;
				IPHONEOS_DEPLOYMENT_TARGET = 11.4;
				MTL_ENABLE_DEBUG_INFO = YES;
				ONLY_ACTIVE_ARCH = YES;
				SDKROOT = iphoneos;
				SWIFT_ACTIVE_COMPILATION_CONDITIONS = DEBUG;
				SWIFT_OPTIMIZATION_LEVEL = "-Onone";
			};
			name = Debug;
		};
		F949555F211274B300517B76 /* Release */ = {
			isa = XCBuildConfiguration;
			buildSettings = {
				ALWAYS_SEARCH_USER_PATHS = NO;
				CLANG_ANALYZER_NONNULL = YES;
				CLANG_ANALYZER_NUMBER_OBJECT_CONVERSION = YES_AGGRESSIVE;
				CLANG_CXX_LANGUAGE_STANDARD = "gnu++14";
				CLANG_CXX_LIBRARY = "libc++";
				CLANG_ENABLE_MODULES = YES;
				CLANG_ENABLE_OBJC_ARC = YES;
				CLANG_ENABLE_OBJC_WEAK = YES;
				CLANG_WARN_BLOCK_CAPTURE_AUTORELEASING = YES;
				CLANG_WARN_BOOL_CONVERSION = YES;
				CLANG_WARN_COMMA = YES;
				CLANG_WARN_CONSTANT_CONVERSION = YES;
				CLANG_WARN_DEPRECATED_OBJC_IMPLEMENTATIONS = YES;
				CLANG_WARN_DIRECT_OBJC_ISA_USAGE = YES_ERROR;
				CLANG_WARN_DOCUMENTATION_COMMENTS = YES;
				CLANG_WARN_EMPTY_BODY = YES;
				CLANG_WARN_ENUM_CONVERSION = YES;
				CLANG_WARN_INFINITE_RECURSION = YES;
				CLANG_WARN_INT_CONVERSION = YES;
				CLANG_WARN_NON_LITERAL_NULL_CONVERSION = YES;
				CLANG_WARN_OBJC_IMPLICIT_RETAIN_SELF = YES;
				CLANG_WARN_OBJC_LITERAL_CONVERSION = YES;
				CLANG_WARN_OBJC_ROOT_CLASS = YES_ERROR;
				CLANG_WARN_RANGE_LOOP_ANALYSIS = YES;
				CLANG_WARN_STRICT_PROTOTYPES = YES;
				CLANG_WARN_SUSPICIOUS_MOVE = YES;
				CLANG_WARN_UNGUARDED_AVAILABILITY = YES_AGGRESSIVE;
				CLANG_WARN_UNREACHABLE_CODE = YES;
				CLANG_WARN__DUPLICATE_METHOD_MATCH = YES;
				CODE_SIGN_IDENTITY = "iPhone Developer";
				COPY_PHASE_STRIP = NO;
				DEBUG_INFORMATION_FORMAT = "dwarf-with-dsym";
				ENABLE_NS_ASSERTIONS = NO;
				ENABLE_STRICT_OBJC_MSGSEND = YES;
				GCC_C_LANGUAGE_STANDARD = gnu11;
				GCC_NO_COMMON_BLOCKS = YES;
				GCC_WARN_64_TO_32_BIT_CONVERSION = YES;
				GCC_WARN_ABOUT_RETURN_TYPE = YES_ERROR;
				GCC_WARN_UNDECLARED_SELECTOR = YES;
				GCC_WARN_UNINITIALIZED_AUTOS = YES_AGGRESSIVE;
				GCC_WARN_UNUSED_FUNCTION = YES;
				GCC_WARN_UNUSED_VARIABLE = YES;
				IPHONEOS_DEPLOYMENT_TARGET = 11.4;
				MTL_ENABLE_DEBUG_INFO = NO;
				SDKROOT = iphoneos;
				SWIFT_COMPILATION_MODE = wholemodule;
				SWIFT_OPTIMIZATION_LEVEL = "-O";
				VALIDATE_PRODUCT = YES;
			};
			name = Release;
		};
		F9495561211274B300517B76 /* Debug */ = {
			isa = XCBuildConfiguration;
			buildSettings = {
				ASSETCATALOG_COMPILER_APPICON_NAME = AppIcon;
				CODE_SIGN_STYLE = Automatic;
				DEVELOPMENT_TEAM = 557EJSX593;
				INFOPLIST_FILE = AutoTrader2/Info.plist;
				LD_RUNPATH_SEARCH_PATHS = (
					"$(inherited)",
					"@executable_path/Frameworks",
				);
				PRODUCT_BUNDLE_IDENTIFIER = Monsanto.AutoTrader2;
				PRODUCT_NAME = "$(TARGET_NAME)";
				SWIFT_VERSION = 4.0;
				TARGETED_DEVICE_FAMILY = "1,2";
			};
			name = Debug;
		};
		F9495562211274B300517B76 /* Release */ = {
			isa = XCBuildConfiguration;
			buildSettings = {
				ASSETCATALOG_COMPILER_APPICON_NAME = AppIcon;
				CODE_SIGN_STYLE = Automatic;
				DEVELOPMENT_TEAM = 557EJSX593;
				INFOPLIST_FILE = AutoTrader2/Info.plist;
				LD_RUNPATH_SEARCH_PATHS = (
					"$(inherited)",
					"@executable_path/Frameworks",
				);
				PRODUCT_BUNDLE_IDENTIFIER = Monsanto.AutoTrader2;
				PRODUCT_NAME = "$(TARGET_NAME)";
				SWIFT_VERSION = 4.0;
				TARGETED_DEVICE_FAMILY = "1,2";
			};
			name = Release;
		};
		F9495564211274B300517B76 /* Debug */ = {
			isa = XCBuildConfiguration;
			buildSettings = {
				ALWAYS_EMBED_SWIFT_STANDARD_LIBRARIES = YES;
				BUNDLE_LOADER = "$(TEST_HOST)";
				CODE_SIGN_STYLE = Automatic;
				DEVELOPMENT_TEAM = 557EJSX593;
				INFOPLIST_FILE = AutoTrader2Tests/Info.plist;
				LD_RUNPATH_SEARCH_PATHS = (
					"$(inherited)",
					"@executable_path/Frameworks",
					"@loader_path/Frameworks",
				);
				PRODUCT_BUNDLE_IDENTIFIER = Monsanto.AutoTrader2Tests;
				PRODUCT_NAME = "$(TARGET_NAME)";
				SWIFT_VERSION = 4.0;
				TARGETED_DEVICE_FAMILY = "1,2";
				TEST_HOST = "$(BUILT_PRODUCTS_DIR)/AutoTrader2.app/AutoTrader2";
			};
			name = Debug;
		};
		F9495565211274B300517B76 /* Release */ = {
			isa = XCBuildConfiguration;
			buildSettings = {
				ALWAYS_EMBED_SWIFT_STANDARD_LIBRARIES = YES;
				BUNDLE_LOADER = "$(TEST_HOST)";
				CODE_SIGN_STYLE = Automatic;
				DEVELOPMENT_TEAM = 557EJSX593;
				INFOPLIST_FILE = AutoTrader2Tests/Info.plist;
				LD_RUNPATH_SEARCH_PATHS = (
					"$(inherited)",
					"@executable_path/Frameworks",
					"@loader_path/Frameworks",
				);
				PRODUCT_BUNDLE_IDENTIFIER = Monsanto.AutoTrader2Tests;
				PRODUCT_NAME = "$(TARGET_NAME)";
				SWIFT_VERSION = 4.0;
				TARGETED_DEVICE_FAMILY = "1,2";
				TEST_HOST = "$(BUILT_PRODUCTS_DIR)/AutoTrader2.app/AutoTrader2";
			};
			name = Release;
		};
/* End XCBuildConfiguration section */

/* Begin XCConfigurationList section */
		F949553E211274B200517B76 /* Build configuration list for PBXProject "AutoTrader2" */ = {
			isa = XCConfigurationList;
			buildConfigurations = (
				F949555E211274B300517B76 /* Debug */,
				F949555F211274B300517B76 /* Release */,
			);
			defaultConfigurationIsVisible = 0;
			defaultConfigurationName = Release;
		};
		F9495560211274B300517B76 /* Build configuration list for PBXNativeTarget "AutoTrader2" */ = {
			isa = XCConfigurationList;
			buildConfigurations = (
				F9495561211274B300517B76 /* Debug */,
				F9495562211274B300517B76 /* Release */,
			);
			defaultConfigurationIsVisible = 0;
			defaultConfigurationName = Release;
		};
		F9495563211274B300517B76 /* Build configuration list for PBXNativeTarget "AutoTrader2Tests" */ = {
			isa = XCConfigurationList;
			buildConfigurations = (
				F9495564211274B300517B76 /* Debug */,
				F9495565211274B300517B76 /* Release */,
			);
			defaultConfigurationIsVisible = 0;
			defaultConfigurationName = Release;
		};
/* End XCConfigurationList section */
	};
	rootObject = F949553B211274B200517B76 /* Project object */;
}
